{
  "version": 4,
  "terraform_version": "1.14.4",
  "serial": 11,
  "lineage": "74150841-afc3-e054-d54e-43b4f9bc4499",
  "outputs": {
    "private_vm_internal_ip": {
      "value": "192.168.20.7",
      "type": "string"
    },
    "public_vm_external_ip": {
      "value": "51.250.84.204",
      "type": "string"
    }
  },
  "resources": [
    {
      "mode": "managed",
      "type": "yandex_compute_instance",
      "name": "nat",
      "provider": "provider[\"registry.terraform.io/yandex-cloud/yandex\"]",
      "instances": [
        {
          "schema_version": 1,
          "attributes": {
            "allow_recreate": null,
            "allow_stopping_for_update": null,
            "boot_disk": [
              {
                "auto_delete": true,
                "device_name": "fhmps92rqgefbr3tf49a",
                "disk_id": "fhmps92rqgefbr3tf49a",
                "initialize_params": [
                  {
                    "block_size": 4096,
                    "description": "",
                    "image_id": "fd80mrhj8fl2oe87o4e1",
                    "kms_key_id": "",
                    "name": "",
                    "size": 3,
                    "snapshot_id": "",
                    "type": "network-hdd"
                  }
                ],
                "mode": "READ_WRITE"
              }
            ],
            "created_at": "2026-02-11T15:05:04Z",
            "description": "",
            "filesystem": [],
            "folder_id": "b1gbcn9bfn4f5qstl7o9",
            "fqdn": "fhml40ohk3jokkmt9kf6.auto.internal",
            "gpu_cluster_id": "",
            "hardware_generation": [
              {
                "generation2_features": [],
                "legacy_features": [
                  {
                    "pci_topology": "PCI_TOPOLOGY_V1"
                  }
                ]
              }
            ],
            "hostname": "",
            "id": "fhml40ohk3jokkmt9kf6",
            "labels": {},
            "local_disk": [],
            "maintenance_grace_period": "",
            "maintenance_policy": null,
            "metadata": {
              "ssh-keys": "ubuntu:ssh-rsa AAAAB3NzaC1yc2EAAAADAQABAAABgQCrBiWV+fQOv9sFBvPcaE8wBUolPzwlhAWnZMKvEl6azGKDS71kdE306EZRQ+wwzR3LuLkjDe++KmUH+9ADwTytOKzq3i+TGACwzHkdWXB/zO+8gUhTr+rTyCwCiotPQpAmc0EUhzB6lBL2DesUz5jbUdwx2BxU2dY1jCuVCzISHwxOlon2mvDUP/SjGXZGoQ2V+o62OH1LWh4M5V7PKhCG8bQvwO1BpquwhooF/FGQc42nNH8Osv+aAklFS+VkE/P/OsR8+EtrT+TpFfExGcCqbJgXK2FDwQtgDQT3BRVypjiPKgVMhI+Juqdsv/uxSzanMaREkVGOvlDdGeLD4fr+IKNxFzZpCXCt0a2CRBIKqS0gmG7FPDjMOddq1ksmc/McgcSPoci4yL9YvcCvSDhyPMZSARP9WzTSLj8q+KbS3yxxNh2RwGQKZdGUYh9zlfFbT1Go/+hV4hCdV+0KpqYX8FC1LHzrBxEqDzG0xxUma6n0+xNtNC8NB95+9By74IE= blade@homemint"
            },
            "metadata_options": [
              {
                "aws_v1_http_endpoint": 1,
                "aws_v1_http_token": 2,
                "gce_http_endpoint": 1,
                "gce_http_token": 1
              }
            ],
            "name": "nat-instance",
            "network_acceleration_type": "standard",
            "network_interface": [
              {
                "dns_record": [],
                "index": 0,
                "ip_address": "192.168.10.254",
                "ipv4": true,
                "ipv6": false,
                "ipv6_address": "",
                "ipv6_dns_record": [],
                "mac_address": "d0:0d:15:20:31:1a",
                "nat": true,
                "nat_dns_record": [],
                "nat_ip_address": "62.84.114.212",
                "nat_ip_version": "IPV4",
                "security_group_ids": [],
                "subnet_id": "e9bod1rbmaj1vn4lecvq"
              }
            ],
            "placement_policy": [
              {
                "host_affinity_rules": [],
                "placement_group_id": "",
                "placement_group_partition": 0
              }
            ],
            "platform_id": "standard-v1",
            "resources": [
              {
                "core_fraction": 100,
                "cores": 2,
                "gpus": 0,
                "memory": 2
              }
            ],
            "scheduling_policy": [
              {
                "preemptible": false
              }
            ],
            "secondary_disk": [],
            "service_account_id": "",
            "status": "running",
            "timeouts": null,
            "zone": "ru-central1-a"
          },
          "sensitive_attributes": [],
          "identity_schema_version": 0,
          "private": "eyJlMmJmYjczMC1lY2FhLTExZTYtOGY4OC0zNDM2M2JjN2M0YzAiOnsiY3JlYXRlIjozMDAwMDAwMDAwMDAsImRlbGV0ZSI6MzAwMDAwMDAwMDAwLCJ1cGRhdGUiOjMwMDAwMDAwMDAwMH0sInNjaGVtYV92ZXJzaW9uIjoiMSJ9",
          "dependencies": [
            "yandex_vpc_network.vpc",
            "yandex_vpc_subnet.public"
          ]
        }
      ]
    },
    {
      "mode": "managed",
      "type": "yandex_compute_instance",
      "name": "private_vm",
      "provider": "provider[\"registry.terraform.io/yandex-cloud/yandex\"]",
      "instances": [
        {
          "schema_version": 1,
          "attributes": {
            "allow_recreate": null,
            "allow_stopping_for_update": null,
            "boot_disk": [
              {
                "auto_delete": true,
                "device_name": "fhmolu5v9qcs0ibcg1hu",
                "disk_id": "fhmolu5v9qcs0ibcg1hu",
                "initialize_params": [
                  {
                    "block_size": 4096,
                    "description": "",
                    "image_id": "fd80mrhj8fl2oe87o4e1",
                    "kms_key_id": "",
                    "name": "",
                    "size": 3,
                    "snapshot_id": "",
                    "type": "network-hdd"
                  }
                ],
                "mode": "READ_WRITE"
              }
            ],
            "created_at": "2026-02-11T15:12:10Z",
            "description": "",
            "filesystem": [],
            "folder_id": "b1gbcn9bfn4f5qstl7o9",
            "fqdn": "fhmikpm0kv1uam0nfrn5.auto.internal",
            "gpu_cluster_id": "",
            "hardware_generation": [
              {
                "generation2_features": [],
                "legacy_features": [
                  {
                    "pci_topology": "PCI_TOPOLOGY_V1"
                  }
                ]
              }
            ],
            "hostname": "",
            "id": "fhmikpm0kv1uam0nfrn5",
            "labels": null,
            "local_disk": [],
            "maintenance_grace_period": "",
            "maintenance_policy": null,
            "metadata": {
              "ssh-keys": "ubuntu:ssh-rsa AAAAB3NzaC1yc2EAAAADAQABAAABgQCrBiWV+fQOv9sFBvPcaE8wBUolPzwlhAWnZMKvEl6azGKDS71kdE306EZRQ+wwzR3LuLkjDe++KmUH+9ADwTytOKzq3i+TGACwzHkdWXB/zO+8gUhTr+rTyCwCiotPQpAmc0EUhzB6lBL2DesUz5jbUdwx2BxU2dY1jCuVCzISHwxOlon2mvDUP/SjGXZGoQ2V+o62OH1LWh4M5V7PKhCG8bQvwO1BpquwhooF/FGQc42nNH8Osv+aAklFS+VkE/P/OsR8+EtrT+TpFfExGcCqbJgXK2FDwQtgDQT3BRVypjiPKgVMhI+Juqdsv/uxSzanMaREkVGOvlDdGeLD4fr+IKNxFzZpCXCt0a2CRBIKqS0gmG7FPDjMOddq1ksmc/McgcSPoci4yL9YvcCvSDhyPMZSARP9WzTSLj8q+KbS3yxxNh2RwGQKZdGUYh9zlfFbT1Go/+hV4hCdV+0KpqYX8FC1LHzrBxEqDzG0xxUma6n0+xNtNC8NB95+9By74IE= blade@homemint"
            },
            "metadata_options": [
              {
                "aws_v1_http_endpoint": 1,
                "aws_v1_http_token": 2,
                "gce_http_endpoint": 1,
                "gce_http_token": 1
              }
            ],
            "name": "private-vm",
            "network_acceleration_type": "standard",
            "network_interface": [
              {
                "dns_record": [],
                "index": 0,
                "ip_address": "192.168.20.7",
                "ipv4": true,
                "ipv6": false,
                "ipv6_address": "",
                "ipv6_dns_record": [],
                "mac_address": "d0:0d:12:a6:6c:0a",
                "nat": false,
                "nat_dns_record": [],
                "nat_ip_address": "",
                "nat_ip_version": "",
                "security_group_ids": null,
                "subnet_id": "e9btsh0ff3iml9qb83j3"
              }
            ],
            "placement_policy": [
              {
                "host_affinity_rules": [],
                "placement_group_id": "",
                "placement_group_partition": 0
              }
            ],
            "platform_id": "standard-v1",
            "resources": [
              {
                "core_fraction": 100,
                "cores": 2,
                "gpus": 0,
                "memory": 2
              }
            ],
            "scheduling_policy": [
              {
                "preemptible": false
              }
            ],
            "secondary_disk": [],
            "service_account_id": "",
            "status": "running",
            "timeouts": null,
            "zone": "ru-central1-a"
          },
          "sensitive_attributes": [],
          "identity_schema_version": 0,
          "private": "eyJlMmJmYjczMC1lY2FhLTExZTYtOGY4OC0zNDM2M2JjN2M0YzAiOnsiY3JlYXRlIjozMDAwMDAwMDAwMDAsImRlbGV0ZSI6MzAwMDAwMDAwMDAwLCJ1cGRhdGUiOjMwMDAwMDAwMDAwMH0sInNjaGVtYV92ZXJzaW9uIjoiMSJ9",
          "dependencies": [
            "yandex_vpc_network.vpc",
            "yandex_vpc_route_table.private_rt",
            "yandex_vpc_subnet.private"
          ]
        }
      ]
    },
    {
      "mode": "managed",
      "type": "yandex_compute_instance",
      "name": "public_vm",
      "provider": "provider[\"registry.terraform.io/yandex-cloud/yandex\"]",
      "instances": [
        {
          "schema_version": 1,
          "attributes": {
            "allow_recreate": null,
            "allow_stopping_for_update": null,
            "boot_disk": [
              {
                "auto_delete": true,
                "device_name": "fhmkgkjlpg6fmk38b254",
                "disk_id": "fhmkgkjlpg6fmk38b254",
                "initialize_params": [
                  {
                    "block_size": 4096,
                    "description": "",
                    "image_id": "fd80mrhj8fl2oe87o4e1",
                    "kms_key_id": "",
                    "name": "",
                    "size": 3,
                    "snapshot_id": "",
                    "type": "network-hdd"
                  }
                ],
                "mode": "READ_WRITE"
              }
            ],
            "created_at": "2026-02-11T15:12:10Z",
            "description": "",
            "filesystem": [],
            "folder_id": "b1gbcn9bfn4f5qstl7o9",
            "fqdn": "fhmgign42g9f4qunqqau.auto.internal",
            "gpu_cluster_id": "",
            "hardware_generation": [
              {
                "generation2_features": [],
                "legacy_features": [
                  {
                    "pci_topology": "PCI_TOPOLOGY_V1"
                  }
                ]
              }
            ],
            "hostname": "",
            "id": "fhmgign42g9f4qunqqau",
            "labels": null,
            "local_disk": [],
            "maintenance_grace_period": "",
            "maintenance_policy": null,
            "metadata": {
              "ssh-keys": "ubuntu:ssh-rsa AAAAB3NzaC1yc2EAAAADAQABAAABgQCrBiWV+fQOv9sFBvPcaE8wBUolPzwlhAWnZMKvEl6azGKDS71kdE306EZRQ+wwzR3LuLkjDe++KmUH+9ADwTytOKzq3i+TGACwzHkdWXB/zO+8gUhTr+rTyCwCiotPQpAmc0EUhzB6lBL2DesUz5jbUdwx2BxU2dY1jCuVCzISHwxOlon2mvDUP/SjGXZGoQ2V+o62OH1LWh4M5V7PKhCG8bQvwO1BpquwhooF/FGQc42nNH8Osv+aAklFS+VkE/P/OsR8+EtrT+TpFfExGcCqbJgXK2FDwQtgDQT3BRVypjiPKgVMhI+Juqdsv/uxSzanMaREkVGOvlDdGeLD4fr+IKNxFzZpCXCt0a2CRBIKqS0gmG7FPDjMOddq1ksmc/McgcSPoci4yL9YvcCvSDhyPMZSARP9WzTSLj8q+KbS3yxxNh2RwGQKZdGUYh9zlfFbT1Go/+hV4hCdV+0KpqYX8FC1LHzrBxEqDzG0xxUma6n0+xNtNC8NB95+9By74IE= blade@homemint"
            },
            "metadata_options": [
              {
                "aws_v1_http_endpoint": 1,
                "aws_v1_http_token": 2,
                "gce_http_endpoint": 1,
                "gce_http_token": 1
              }
            ],
            "name": "public-vm",
            "network_acceleration_type": "standard",
            "network_interface": [
              {
                "dns_record": [],
                "index": 0,
                "ip_address": "192.168.10.31",
                "ipv4": true,
                "ipv6": false,
                "ipv6_address": "",
                "ipv6_dns_record": [],
                "mac_address": "d0:0d:10:94:2e:41",
                "nat": true,
                "nat_dns_record": [],
                "nat_ip_address": "51.250.84.204",
                "nat_ip_version": "IPV4",
                "security_group_ids": null,
                "subnet_id": "e9bod1rbmaj1vn4lecvq"
              }
            ],
            "placement_policy": [
              {
                "host_affinity_rules": [],
                "placement_group_id": "",
                "placement_group_partition": 0
              }
            ],
            "platform_id": "standard-v1",
            "resources": [
              {
                "core_fraction": 100,
                "cores": 2,
                "gpus": 0,
                "memory": 2
              }
            ],
            "scheduling_policy": [
              {
                "preemptible": false
              }
            ],
            "secondary_disk": [],
            "service_account_id": "",
            "status": "running",
            "timeouts": null,
            "zone": "ru-central1-a"
          },
          "sensitive_attributes": [],
          "identity_schema_version": 0,
          "private": "eyJlMmJmYjczMC1lY2FhLTExZTYtOGY4OC0zNDM2M2JjN2M0YzAiOnsiY3JlYXRlIjozMDAwMDAwMDAwMDAsImRlbGV0ZSI6MzAwMDAwMDAwMDAwLCJ1cGRhdGUiOjMwMDAwMDAwMDAwMH0sInNjaGVtYV92ZXJzaW9uIjoiMSJ9",
          "dependencies": [
            "yandex_vpc_network.vpc",
            "yandex_vpc_subnet.public"
          ]
        }
      ]
    },
    {
      "mode": "managed",
      "type": "yandex_vpc_network",
      "name": "vpc",
      "provider": "provider[\"registry.terraform.io/yandex-cloud/yandex\"]",
      "instances": [
        {
          "schema_version": 0,
          "attributes": {
            "created_at": "2026-02-11T15:04:58Z",
            "default_security_group_id": "enp296ibn2q18501at4p",
            "description": "",
            "folder_id": "b1gbcn9bfn4f5qstl7o9",
            "id": "enpd6sjujr3j4t14bb9t",
            "labels": {},
            "name": "demo-vpc",
            "subnet_ids": [
              "e9bod1rbmaj1vn4lecvq",
              "e9btsh0ff3iml9qb83j3"
            ],
            "timeouts": null
          },
          "sensitive_attributes": [],
          "identity_schema_version": 0,
          "private": "eyJlMmJmYjczMC1lY2FhLTExZTYtOGY4OC0zNDM2M2JjN2M0YzAiOnsiY3JlYXRlIjo2MDAwMDAwMDAwMCwiZGVsZXRlIjo2MDAwMDAwMDAwMCwidXBkYXRlIjo2MDAwMDAwMDAwMH19"
        }
      ]
    },
    {
      "mode": "managed",
      "type": "yandex_vpc_route_table",
      "name": "private_rt",
      "provider": "provider[\"registry.terraform.io/yandex-cloud/yandex\"]",
      "instances": [
        {
          "schema_version": 0,
          "attributes": {
            "created_at": "2026-02-11T15:05:02Z",
            "description": "",
            "folder_id": "b1gbcn9bfn4f5qstl7o9",
            "id": "enp0lnrisih7fg5cp1qh",
            "labels": {},
            "name": "private-rt",
            "network_id": "enpd6sjujr3j4t14bb9t",
            "static_route": [
              {
                "destination_prefix": "0.0.0.0/0",
                "gateway_id": "",
                "next_hop_address": "192.168.10.254"
              }
            ],
            "timeouts": null
          },
          "sensitive_attributes": [],
          "identity_schema_version": 0,
          "private": "eyJlMmJmYjczMC1lY2FhLTExZTYtOGY4OC0zNDM2M2JjN2M0YzAiOnsiY3JlYXRlIjoxODAwMDAwMDAwMDAsImRlbGV0ZSI6MTgwMDAwMDAwMDAwLCJ1cGRhdGUiOjE4MDAwMDAwMDAwMH19",
          "dependencies": [
            "yandex_vpc_network.vpc"
          ]
        }
      ]
    },
    {
      "mode": "managed",
      "type": "yandex_vpc_subnet",
      "name": "private",
      "provider": "provider[\"registry.terraform.io/yandex-cloud/yandex\"]",
      "instances": [
        {
          "schema_version": 0,
          "attributes": {
            "created_at": "2026-02-11T15:05:04Z",
            "description": "",
            "dhcp_options": [],
            "folder_id": "b1gbcn9bfn4f5qstl7o9",
            "id": "e9btsh0ff3iml9qb83j3",
            "labels": {},
            "name": "private",
            "network_id": "enpd6sjujr3j4t14bb9t",
            "route_table_id": "enp0lnrisih7fg5cp1qh",
            "timeouts": null,
            "v4_cidr_blocks": [
              "192.168.20.0/24"
            ],
            "v6_cidr_blocks": [],
            "zone": "ru-central1-a"
          },
          "sensitive_attributes": [],
          "identity_schema_version": 0,
          "private": "eyJlMmJmYjczMC1lY2FhLTExZTYtOGY4OC0zNDM2M2JjN2M0YzAiOnsiY3JlYXRlIjoxODAwMDAwMDAwMDAsImRlbGV0ZSI6MTgwMDAwMDAwMDAwLCJ1cGRhdGUiOjE4MDAwMDAwMDAwMH19",
          "dependencies": [
            "yandex_vpc_network.vpc",
            "yandex_vpc_route_table.private_rt"
          ]
        }
      ]
    },
    {
      "mode": "managed",
      "type": "yandex_vpc_subnet",
      "name": "public",
      "provider": "provider[\"registry.terraform.io/yandex-cloud/yandex\"]",
      "instances": [
        {
          "schema_version": 0,
          "attributes": {
            "created_at": "2026-02-11T15:05:01Z",
            "description": "",
            "dhcp_options": [],
            "folder_id": "b1gbcn9bfn4f5qstl7o9",
            "id": "e9bod1rbmaj1vn4lecvq",
            "labels": {},
            "name": "public",
            "network_id": "enpd6sjujr3j4t14bb9t",
            "route_table_id": "",
            "timeouts": null,
            "v4_cidr_blocks": [
              "192.168.10.0/24"
            ],
            "v6_cidr_blocks": [],
            "zone": "ru-central1-a"
          },
          "sensitive_attributes": [],
          "identity_schema_version": 0,
          "private": "eyJlMmJmYjczMC1lY2FhLTExZTYtOGY4OC0zNDM2M2JjN2M0YzAiOnsiY3JlYXRlIjoxODAwMDAwMDAwMDAsImRlbGV0ZSI6MTgwMDAwMDAwMDAwLCJ1cGRhdGUiOjE4MDAwMDAwMDAwMH19",
          "dependencies": [
            "yandex_vpc_network.vpc"
          ]
        }
      ]
    }
  ],
  "check_results": null
}
